
Microsoft Visual Studio Solution File, Format Version 11.00
# Visual Studio 2010
Project("{FAE04EC0-301F-11D3-BF4B-00C04F79EFBC}") = "Assembly-CSharp", "Assembly-CSharp.csproj", "{BF47F057-2CC7-8395-AE40-42C25D2B155D}"
EndProject
Project("{FAE04EC0-301F-11D3-BF4B-00C04F79EFBC}") = "Assembly-CSharp-firstpass", "Assembly-CSharp-firstpass.csproj", "{606368A5-8EDE-134F-52A4-0604146E9101}"
EndProject
Project("{FAE04EC0-301F-11D3-BF4B-00C04F79EFBC}") = "Assembly-CSharp-Editor", "Assembly-CSharp-Editor.csproj", "{4C259B88-B4F3-27E5-93E7-A38A94E9F712}"
EndProject
Global
	GlobalSection(SolutionConfigurationPlatforms) = preSolution
		Debug|Any CPU = Debug|Any CPU
		Release|Any CPU = Release|Any CPU
	EndGlobalSection
	GlobalSection(ProjectConfigurationPlatforms) = postSolution
		{BF47F057-2CC7-8395-AE40-42C25D2B155D}.Debug|Any CPU.ActiveCfg = Debug|Any CPU
		{BF47F057-2CC7-8395-AE40-42C25D2B155D}.Debug|Any CPU.Build.0 = Debug|Any CPU
		{BF47F057-2CC7-8395-AE40-42C25D2B155D}.Release|Any CPU.ActiveCfg = Release|Any CPU
		{BF47F057-2CC7-8395-AE40-42C25D2B155D}.Release|Any CPU.Build.0 = Release|Any CPU
		{606368A5-8EDE-134F-52A4-0604146E9101}.Debug|Any CPU.ActiveCfg = Debug|Any CPU
		{606368A5-8EDE-134F-52A4-0604146E9101}.Debug|Any CPU.Build.0 = Debug|Any CPU
		{606368A5-8EDE-134F-52A4-0604146E9101}.Release|Any CPU.ActiveCfg = Release|Any CPU
		{606368A5-8EDE-134F-52A4-0604146E9101}.Release|Any CPU.Build.0 = Release|Any CPU
		{4C259B88-B4F3-27E5-93E7-A38A94E9F712}.Debug|Any CPU.ActiveCfg = Debug|Any CPU
		{4C259B88-B4F3-27E5-93E7-A38A94E9F712}.Debug|Any CPU.Build.0 = Debug|Any CPU
		{4C259B88-B4F3-27E5-93E7-A38A94E9F712}.Release|Any CPU.ActiveCfg = Release|Any CPU
		{4C259B88-B4F3-27E5-93E7-A38A94E9F712}.Release|Any CPU.Build.0 = Release|Any CPU
	EndGlobalSection
	GlobalSection(SolutionProperties) = preSolution
		HideSolutionNode = FALSE
	EndGlobalSection
	GlobalSection(MonoDevelopProperties) = preSolution
		StartupItem = Assembly-CSharp.csproj
	EndGlobalSection
EndGlobal
